
Microsoft Visual Studio Solution File, Format Version 12.00
# Visual Studio Version 17
VisualStudioVersion = 17.5.33424.131
MinimumVisualStudioVersion = 10.0.40219.1
Project("{FAE04EC0-301F-11D3-BF4B-00C04F79EFBC}") = "Calculadora.App", "Calculadora.App\Calculadora.App.csproj", "{57C7F52A-7D4C-421D-9BA3-65CF7B198E19}"
EndProject
Global
	GlobalSection(SolutionConfigurationPlatforms) = preSolution
		Debug|Any CPU = Debug|Any CPU
		Release|Any CPU = Release|Any CPU
	EndGlobalSection
	GlobalSection(ProjectConfigurationPlatforms) = postSolution
		{57C7F52A-7D4C-421D-9BA3-65CF7B198E19}.Debug|Any CPU.ActiveCfg = Debug|Any CPU
		{57C7F52A-7D4C-421D-9BA3-65CF7B198E19}.Debug|Any CPU.Build.0 = Debug|Any CPU
		{57C7F52A-7D4C-421D-9BA3-65CF7B198E19}.Release|Any CPU.ActiveCfg = Release|Any CPU
		{57C7F52A-7D4C-421D-9BA3-65CF7B198E19}.Release|Any CPU.Build.0 = Release|Any CPU
	EndGlobalSection
	GlobalSection(SolutionProperties) = preSolution
		HideSolutionNode = FALSE
	EndGlobalSection
	GlobalSection(ExtensibilityGlobals) = postSolution
		SolutionGuid = {D36E0D27-C6D6-42D8-A6F3-BC3F31BAB02B}
	EndGlobalSection
EndGlobal
